
Microsoft Visual Studio Solution File, Format Version 12.00
# Visual Studio Version 16
VisualStudioVersion = 16.0.30517.126
MinimumVisualStudioVersion = 10.0.40219.1
Project("{FAE04EC0-301F-11D3-BF4B-00C04F79EFBC}") = "SPZ5", "SPZ5\SPZ5.csproj", "{29780969-0853-4F10-B21B-B003F8F04AD3}"
EndProject
Global
	GlobalSection(SolutionConfigurationPlatforms) = preSolution
		Debug|Any CPU = Debug|Any CPU
		Release|Any CPU = Release|Any CPU
	EndGlobalSection
	GlobalSection(ProjectConfigurationPlatforms) = postSolution
		{29780969-0853-4F10-B21B-B003F8F04AD3}.Debug|Any CPU.ActiveCfg = Debug|Any CPU
		{29780969-0853-4F10-B21B-B003F8F04AD3}.Debug|Any CPU.Build.0 = Debug|Any CPU
		{29780969-0853-4F10-B21B-B003F8F04AD3}.Release|Any CPU.ActiveCfg = Release|Any CPU
		{29780969-0853-4F10-B21B-B003F8F04AD3}.Release|Any CPU.Build.0 = Release|Any CPU
	EndGlobalSection
	GlobalSection(SolutionProperties) = preSolution
		HideSolutionNode = FALSE
	EndGlobalSection
	GlobalSection(ExtensibilityGlobals) = postSolution
		SolutionGuid = {EFB84CAB-105D-4AC5-8B57-9C82EBE381B3}
	EndGlobalSection
EndGlobal
